
Microsoft Visual Studio Solution File, Format Version 12.00
# Visual Studio Version 17
VisualStudioVersion = 17.0.32014.148
MinimumVisualStudioVersion = 10.0.40219.1
Project("{FAE04EC0-301F-11D3-BF4B-00C04F79EFBC}") = "kosmeakhoref", "kosmeakhoref.csproj", "{3A5C09E2-B42B-4A5A-A967-C09A0BB6238F}"
EndProject
Global
	GlobalSection(SolutionConfigurationPlatforms) = preSolution
		Debug|Any CPU = Debug|Any CPU
		Release|Any CPU = Release|Any CPU
	EndGlobalSection
	GlobalSection(ProjectConfigurationPlatforms) = postSolution
		{3A5C09E2-B42B-4A5A-A967-C09A0BB6238F}.Debug|Any CPU.ActiveCfg = Debug|Any CPU
		{3A5C09E2-B42B-4A5A-A967-C09A0BB6238F}.Debug|Any CPU.Build.0 = Debug|Any CPU
		{3A5C09E2-B42B-4A5A-A967-C09A0BB6238F}.Release|Any CPU.ActiveCfg = Release|Any CPU
		{3A5C09E2-B42B-4A5A-A967-C09A0BB6238F}.Release|Any CPU.Build.0 = Release|Any CPU
	EndGlobalSection
	GlobalSection(SolutionProperties) = preSolution
		HideSolutionNode = FALSE
	EndGlobalSection
	GlobalSection(ExtensibilityGlobals) = postSolution
		SolutionGuid = {86AE836D-217C-48E6-9649-DC6415230493}
	EndGlobalSection
EndGlobal
